
Microsoft Visual Studio Solution File, Format Version 12.00
# Visual Studio Version 16
VisualStudioVersion = 16.0.30717.126
MinimumVisualStudioVersion = 10.0.40219.1
Project("{FAE04EC0-301F-11D3-BF4B-00C04F79EFBC}") = "Calendar", "Calendar\Calendar.csproj", "{5A2EBDC9-F59F-402F-906A-6A5507036D9F}"
EndProject
Project("{FAE04EC0-301F-11D3-BF4B-00C04F79EFBC}") = "DAL", "DAL\DAL.csproj", "{055EFA10-329A-4CDE-B776-D42629B1D73D}"
EndProject
Global
	GlobalSection(SolutionConfigurationPlatforms) = preSolution
		Debug|Any CPU = Debug|Any CPU
		Release|Any CPU = Release|Any CPU
	EndGlobalSection
	GlobalSection(ProjectConfigurationPlatforms) = postSolution
		{5A2EBDC9-F59F-402F-906A-6A5507036D9F}.Debug|Any CPU.ActiveCfg = Debug|Any CPU
		{5A2EBDC9-F59F-402F-906A-6A5507036D9F}.Debug|Any CPU.Build.0 = Debug|Any CPU
		{5A2EBDC9-F59F-402F-906A-6A5507036D9F}.Release|Any CPU.ActiveCfg = Release|Any CPU
		{5A2EBDC9-F59F-402F-906A-6A5507036D9F}.Release|Any CPU.Build.0 = Release|Any CPU
		{055EFA10-329A-4CDE-B776-D42629B1D73D}.Debug|Any CPU.ActiveCfg = Debug|Any CPU
		{055EFA10-329A-4CDE-B776-D42629B1D73D}.Debug|Any CPU.Build.0 = Debug|Any CPU
		{055EFA10-329A-4CDE-B776-D42629B1D73D}.Release|Any CPU.ActiveCfg = Release|Any CPU
		{055EFA10-329A-4CDE-B776-D42629B1D73D}.Release|Any CPU.Build.0 = Release|Any CPU
	EndGlobalSection
	GlobalSection(SolutionProperties) = preSolution
		HideSolutionNode = FALSE
	EndGlobalSection
	GlobalSection(ExtensibilityGlobals) = postSolution
		SolutionGuid = {BF734026-1691-4DB7-B2B8-D530C3740C9C}
	EndGlobalSection
EndGlobal
